
Microsoft Visual Studio Solution File, Format Version 12.00
# Visual Studio Version 17
VisualStudioVersion = 17.8.34316.72
MinimumVisualStudioVersion = 10.0.40219.1
Project("{9A19103F-16F7-4668-BE54-9A1E7A4F7556}") = "BookOrder_Test8", "BookOrder_Test8\BookOrder_Test8.csproj", "{949F0325-5826-4DB9-A840-6FD9304C0103}"
EndProject
Project("{FAE04EC0-301F-11D3-BF4B-00C04F79EFBC}") = "BookOrder_Tests", "BookOrder_Tests\BookOrder_Tests.csproj", "{14B13391-9A2D-4DFA-A266-38AD4908395C}"
EndProject
Global
	GlobalSection(SolutionConfigurationPlatforms) = preSolution
		Debug|Any CPU = Debug|Any CPU
		Release|Any CPU = Release|Any CPU
	EndGlobalSection
	GlobalSection(ProjectConfigurationPlatforms) = postSolution
		{949F0325-5826-4DB9-A840-6FD9304C0103}.Debug|Any CPU.ActiveCfg = Debug|Any CPU
		{949F0325-5826-4DB9-A840-6FD9304C0103}.Debug|Any CPU.Build.0 = Debug|Any CPU
		{949F0325-5826-4DB9-A840-6FD9304C0103}.Release|Any CPU.ActiveCfg = Release|Any CPU
		{949F0325-5826-4DB9-A840-6FD9304C0103}.Release|Any CPU.Build.0 = Release|Any CPU
		{14B13391-9A2D-4DFA-A266-38AD4908395C}.Debug|Any CPU.ActiveCfg = Debug|Any CPU
		{14B13391-9A2D-4DFA-A266-38AD4908395C}.Debug|Any CPU.Build.0 = Debug|Any CPU
		{14B13391-9A2D-4DFA-A266-38AD4908395C}.Release|Any CPU.ActiveCfg = Release|Any CPU
		{14B13391-9A2D-4DFA-A266-38AD4908395C}.Release|Any CPU.Build.0 = Release|Any CPU
	EndGlobalSection
	GlobalSection(SolutionProperties) = preSolution
		HideSolutionNode = FALSE
	EndGlobalSection
	GlobalSection(ExtensibilityGlobals) = postSolution
		SolutionGuid = {C8B13566-E190-4E62-9352-451B7F259938}
	EndGlobalSection
EndGlobal
